Microsoft Visual Studio Solution File, Format Version 11.00
# Visual Studio 2008

Project("{583B39AE-F3F4-2FA3-FECE-99A42218E1D0}") = "Paladin-Team-5", "Assembly-CSharp-firstpass.csproj", "{C42E77E9-F298-11A2-83C0-F693CDD8FCEB}"
EndProject
Project("{583B39AE-F3F4-2FA3-FECE-99A42218E1D0}") = "Paladin-Team-5", "Assembly-CSharp.csproj", "{4C3C13F2-9A3F-C09B-A711-6E031D4D029C}"
EndProject
Project("{583B39AE-F3F4-2FA3-FECE-99A42218E1D0}") = "Paladin-Team-5", "Assembly-CSharp-Editor.csproj", "{3F3ED951-B2BD-CA6D-FF22-94DDCD3DC5CF}"
EndProject
Project("{583B39AE-F3F4-2FA3-FECE-99A42218E1D0}") = "Paladin-Team-5", "Assembly-UnityScript.unityproj", "{97A53E89-591A-C940-7007-E724E9C90394}"
EndProject
Global
	GlobalSection(SolutionConfigurationPlatforms) = preSolution
		Debug|Any CPU = Debug|Any CPU
		Release|Any CPU = Release|Any CPU
	EndGlobalSection
	GlobalSection(ProjectConfigurationPlatforms) = postSolution
		{C42E77E9-F298-11A2-83C0-F693CDD8FCEB}.Debug|Any CPU.ActiveCfg = Debug|Any CPU
		{C42E77E9-F298-11A2-83C0-F693CDD8FCEB}.Debug|Any CPU.Build.0 = Debug|Any CPU
		{C42E77E9-F298-11A2-83C0-F693CDD8FCEB}.Release|Any CPU.ActiveCfg = Release|Any CPU
		{C42E77E9-F298-11A2-83C0-F693CDD8FCEB}.Release|Any CPU.Build.0 = Release|Any CPU
		{4C3C13F2-9A3F-C09B-A711-6E031D4D029C}.Debug|Any CPU.ActiveCfg = Debug|Any CPU
		{4C3C13F2-9A3F-C09B-A711-6E031D4D029C}.Debug|Any CPU.Build.0 = Debug|Any CPU
		{4C3C13F2-9A3F-C09B-A711-6E031D4D029C}.Release|Any CPU.ActiveCfg = Release|Any CPU
		{4C3C13F2-9A3F-C09B-A711-6E031D4D029C}.Release|Any CPU.Build.0 = Release|Any CPU
		{3F3ED951-B2BD-CA6D-FF22-94DDCD3DC5CF}.Debug|Any CPU.ActiveCfg = Debug|Any CPU
		{3F3ED951-B2BD-CA6D-FF22-94DDCD3DC5CF}.Debug|Any CPU.Build.0 = Debug|Any CPU
		{3F3ED951-B2BD-CA6D-FF22-94DDCD3DC5CF}.Release|Any CPU.ActiveCfg = Release|Any CPU
		{3F3ED951-B2BD-CA6D-FF22-94DDCD3DC5CF}.Release|Any CPU.Build.0 = Release|Any CPU
		{97A53E89-591A-C940-7007-E724E9C90394}.Debug|Any CPU.ActiveCfg = Debug|Any CPU
		{97A53E89-591A-C940-7007-E724E9C90394}.Debug|Any CPU.Build.0 = Debug|Any CPU
		{97A53E89-591A-C940-7007-E724E9C90394}.Release|Any CPU.ActiveCfg = Release|Any CPU
		{97A53E89-591A-C940-7007-E724E9C90394}.Release|Any CPU.Build.0 = Release|Any CPU
	EndGlobalSection
	GlobalSection(SolutionProperties) = preSolution
		HideSolutionNode = FALSE
	EndGlobalSection
	GlobalSection(MonoDevelopProperties) = preSolution
		StartupItem = Assembly-CSharp.csproj
	EndGlobalSection
EndGlobal
